
Microsoft Visual Studio Solution File, Format Version 12.00
# Visual Studio Version 17
VisualStudioVersion = 17.3.32825.248
MinimumVisualStudioVersion = 10.0.40219.1
Project("{FAE04EC0-301F-11D3-BF4B-00C04F79EFBC}") = "AQA-DIPLOMA", "AQA-DIPLOMA\AQA-DIPLOMA.csproj", "{88FAC85E-C2FE-4859-9B08-134D01822EC4}"
EndProject
Global
	GlobalSection(SolutionConfigurationPlatforms) = preSolution
		Debug|Any CPU = Debug|Any CPU
		Release|Any CPU = Release|Any CPU
	EndGlobalSection
	GlobalSection(ProjectConfigurationPlatforms) = postSolution
		{88FAC85E-C2FE-4859-9B08-134D01822EC4}.Debug|Any CPU.ActiveCfg = Debug|Any CPU
		{88FAC85E-C2FE-4859-9B08-134D01822EC4}.Debug|Any CPU.Build.0 = Debug|Any CPU
		{88FAC85E-C2FE-4859-9B08-134D01822EC4}.Release|Any CPU.ActiveCfg = Release|Any CPU
		{88FAC85E-C2FE-4859-9B08-134D01822EC4}.Release|Any CPU.Build.0 = Release|Any CPU
	EndGlobalSection
	GlobalSection(SolutionProperties) = preSolution
		HideSolutionNode = FALSE
	EndGlobalSection
	GlobalSection(ExtensibilityGlobals) = postSolution
		SolutionGuid = {F25316BF-F08A-4AD9-A376-E77A6F014222}
	EndGlobalSection
EndGlobal
